
Microsoft Visual Studio Solution File, Format Version 12.00
# Visual Studio Version 17
VisualStudioVersion = 17.0.31903.59
MinimumVisualStudioVersion = 10.0.40219.1
Project("{9A19103F-16F7-4668-BE54-9A1E7A4F7556}") = "ReCrut.Api", "ReCrut.Api\ReCrut.Api.csproj", "{004910A4-F694-4F86-9668-EFAF10B18CB6}"
EndProject
Project("{9A19103F-16F7-4668-BE54-9A1E7A4F7556}") = "ReCrut.Application", "ReCrut.Application\ReCrut.Application.csproj", "{F62BFEC7-5C6E-4B70-8178-ED8299CAC663}"
EndProject
Project("{9A19103F-16F7-4668-BE54-9A1E7A4F7556}") = "ReCrut.Infrastructure", "ReCrut.Infrastructure\ReCrut.Infrastructure.csproj", "{A951D8EE-026A-48C0-B529-709FD232EBD4}"
EndProject
Project("{9A19103F-16F7-4668-BE54-9A1E7A4F7556}") = "ReCrut.Domain", "ReCrut.Domain\ReCrut.Domain.csproj", "{046BD281-EB19-4106-9512-159648F62B4E}"
EndProject
Project("{2150E333-8FDC-42A3-9474-1A3956D46DE8}") = "test", "test", "{CB93A9AA-FC71-4F91-8B9F-A6AC94610EB7}"
EndProject
Project("{9A19103F-16F7-4668-BE54-9A1E7A4F7556}") = "ReCrut.Api.Test", "test\ReCrut.Api.Test\ReCrut.Api.Test.csproj", "{830404D5-6F84-4A2E-96F7-70CE9713EC40}"
EndProject
Project("{9A19103F-16F7-4668-BE54-9A1E7A4F7556}") = "ReCrut.Application.Test", "test\ReCrut.Application.Test\ReCrut.Application.Test.csproj", "{98CC7F50-81BE-4A34-8FD5-F036DBF28B64}"
EndProject
Project("{9A19103F-16F7-4668-BE54-9A1E7A4F7556}") = "ReCrut.Domain.Test", "test\ReCrut.Domain.Test\ReCrut.Domain.Test.csproj", "{424BE5F4-D789-429F-B519-823C0BAE0DE8}"
EndProject
Project("{9A19103F-16F7-4668-BE54-9A1E7A4F7556}") = "ReCrut.Infrastructure.Test", "test\ReCrut.Infrastructure.Test\ReCrut.Infrastructure.Test.csproj", "{9563D8B3-91A8-49D8-9EDD-CD894A158D2B}"
EndProject
Project("{2150E333-8FDC-42A3-9474-1A3956D46DE8}") = "Solution Items", "Solution Items", "{1B69FB17-8E10-48EB-8792-AF10B61053A9}"
	ProjectSection(SolutionItems) = preProject
		.editorconfig = .editorconfig
	EndProjectSection
EndProject
Project("{FAE04EC0-301F-11D3-BF4B-00C04F79EFBC}") = "ReCrut.Test.Commun", "test\ReCrut.Test.Commun\ReCrut.Test.Commun.csproj", "{EBF187B3-9264-4EF9-BD93-E2D53B13CAED}"
EndProject
Global
	GlobalSection(SolutionConfigurationPlatforms) = preSolution
		Debug|Any CPU = Debug|Any CPU
		Release|Any CPU = Release|Any CPU
	EndGlobalSection
	GlobalSection(ProjectConfigurationPlatforms) = postSolution
		{004910A4-F694-4F86-9668-EFAF10B18CB6}.Debug|Any CPU.ActiveCfg = Debug|Any CPU
		{004910A4-F694-4F86-9668-EFAF10B18CB6}.Debug|Any CPU.Build.0 = Debug|Any CPU
		{004910A4-F694-4F86-9668-EFAF10B18CB6}.Release|Any CPU.ActiveCfg = Release|Any CPU
		{004910A4-F694-4F86-9668-EFAF10B18CB6}.Release|Any CPU.Build.0 = Release|Any CPU
		{F62BFEC7-5C6E-4B70-8178-ED8299CAC663}.Debug|Any CPU.ActiveCfg = Debug|Any CPU
		{F62BFEC7-5C6E-4B70-8178-ED8299CAC663}.Debug|Any CPU.Build.0 = Debug|Any CPU
		{F62BFEC7-5C6E-4B70-8178-ED8299CAC663}.Release|Any CPU.ActiveCfg = Release|Any CPU
		{F62BFEC7-5C6E-4B70-8178-ED8299CAC663}.Release|Any CPU.Build.0 = Release|Any CPU
		{A951D8EE-026A-48C0-B529-709FD232EBD4}.Debug|Any CPU.ActiveCfg = Debug|Any CPU
		{A951D8EE-026A-48C0-B529-709FD232EBD4}.Debug|Any CPU.Build.0 = Debug|Any CPU
		{A951D8EE-026A-48C0-B529-709FD232EBD4}.Release|Any CPU.ActiveCfg = Release|Any CPU
		{A951D8EE-026A-48C0-B529-709FD232EBD4}.Release|Any CPU.Build.0 = Release|Any CPU
		{046BD281-EB19-4106-9512-159648F62B4E}.Debug|Any CPU.ActiveCfg = Debug|Any CPU
		{046BD281-EB19-4106-9512-159648F62B4E}.Debug|Any CPU.Build.0 = Debug|Any CPU
		{046BD281-EB19-4106-9512-159648F62B4E}.Release|Any CPU.ActiveCfg = Release|Any CPU
		{046BD281-EB19-4106-9512-159648F62B4E}.Release|Any CPU.Build.0 = Release|Any CPU
		{830404D5-6F84-4A2E-96F7-70CE9713EC40}.Debug|Any CPU.ActiveCfg = Debug|Any CPU
		{830404D5-6F84-4A2E-96F7-70CE9713EC40}.Debug|Any CPU.Build.0 = Debug|Any CPU
		{830404D5-6F84-4A2E-96F7-70CE9713EC40}.Release|Any CPU.ActiveCfg = Release|Any CPU
		{830404D5-6F84-4A2E-96F7-70CE9713EC40}.Release|Any CPU.Build.0 = Release|Any CPU
		{98CC7F50-81BE-4A34-8FD5-F036DBF28B64}.Debug|Any CPU.ActiveCfg = Debug|Any CPU
		{98CC7F50-81BE-4A34-8FD5-F036DBF28B64}.Debug|Any CPU.Build.0 = Debug|Any CPU
		{98CC7F50-81BE-4A34-8FD5-F036DBF28B64}.Release|Any CPU.ActiveCfg = Release|Any CPU
		{98CC7F50-81BE-4A34-8FD5-F036DBF28B64}.Release|Any CPU.Build.0 = Release|Any CPU
		{424BE5F4-D789-429F-B519-823C0BAE0DE8}.Debug|Any CPU.ActiveCfg = Debug|Any CPU
		{424BE5F4-D789-429F-B519-823C0BAE0DE8}.Debug|Any CPU.Build.0 = Debug|Any CPU
		{424BE5F4-D789-429F-B519-823C0BAE0DE8}.Release|Any CPU.ActiveCfg = Release|Any CPU
		{424BE5F4-D789-429F-B519-823C0BAE0DE8}.Release|Any CPU.Build.0 = Release|Any CPU
		{9563D8B3-91A8-49D8-9EDD-CD894A158D2B}.Debug|Any CPU.ActiveCfg = Debug|Any CPU
		{9563D8B3-91A8-49D8-9EDD-CD894A158D2B}.Debug|Any CPU.Build.0 = Debug|Any CPU
		{9563D8B3-91A8-49D8-9EDD-CD894A158D2B}.Release|Any CPU.ActiveCfg = Release|Any CPU
		{9563D8B3-91A8-49D8-9EDD-CD894A158D2B}.Release|Any CPU.Build.0 = Release|Any CPU
		{EBF187B3-9264-4EF9-BD93-E2D53B13CAED}.Debug|Any CPU.ActiveCfg = Debug|Any CPU
		{EBF187B3-9264-4EF9-BD93-E2D53B13CAED}.Debug|Any CPU.Build.0 = Debug|Any CPU
		{EBF187B3-9264-4EF9-BD93-E2D53B13CAED}.Release|Any CPU.ActiveCfg = Release|Any CPU
		{EBF187B3-9264-4EF9-BD93-E2D53B13CAED}.Release|Any CPU.Build.0 = Release|Any CPU
	EndGlobalSection
	GlobalSection(SolutionProperties) = preSolution
		HideSolutionNode = FALSE
	EndGlobalSection
	GlobalSection(NestedProjects) = preSolution
		{830404D5-6F84-4A2E-96F7-70CE9713EC40} = {CB93A9AA-FC71-4F91-8B9F-A6AC94610EB7}
		{98CC7F50-81BE-4A34-8FD5-F036DBF28B64} = {CB93A9AA-FC71-4F91-8B9F-A6AC94610EB7}
		{424BE5F4-D789-429F-B519-823C0BAE0DE8} = {CB93A9AA-FC71-4F91-8B9F-A6AC94610EB7}
		{9563D8B3-91A8-49D8-9EDD-CD894A158D2B} = {CB93A9AA-FC71-4F91-8B9F-A6AC94610EB7}
		{EBF187B3-9264-4EF9-BD93-E2D53B13CAED} = {CB93A9AA-FC71-4F91-8B9F-A6AC94610EB7}
	EndGlobalSection
	GlobalSection(ExtensibilityGlobals) = postSolution
		SolutionGuid = {59B88155-26D4-4214-9CFD-2570DD5EFCF6}
	EndGlobalSection
EndGlobal
